
Microsoft Visual Studio Solution File, Format Version 11.00
# Visual Studio 2010
Project("{FAE04EC0-301F-11D3-BF4B-00C04F79EFBC}") = "JuegoDuende", "JuegoDuende\JuegoDuende.csproj", "{7741F11C-C694-4884-B3DC-DA7A3D96932D}"
EndProject
Global
	GlobalSection(SolutionConfigurationPlatforms) = preSolution
		Debug|x86 = Debug|x86
		Release|x86 = Release|x86
	EndGlobalSection
	GlobalSection(ProjectConfigurationPlatforms) = postSolution
		{7741F11C-C694-4884-B3DC-DA7A3D96932D}.Debug|x86.ActiveCfg = Debug|x86
		{7741F11C-C694-4884-B3DC-DA7A3D96932D}.Debug|x86.Build.0 = Debug|x86
		{7741F11C-C694-4884-B3DC-DA7A3D96932D}.Release|x86.ActiveCfg = Release|x86
		{7741F11C-C694-4884-B3DC-DA7A3D96932D}.Release|x86.Build.0 = Release|x86
	EndGlobalSection
	GlobalSection(MonoDevelopProperties) = preSolution
		StartupItem = JuegoDuende\JuegoDuende.csproj
	EndGlobalSection
EndGlobal
